
Microsoft Visual Studio Solution File, Format Version 12.00
# Visual Studio Version 17
VisualStudioVersion = 17.6.33829.357
MinimumVisualStudioVersion = 10.0.40219.1
Project("{FAE04EC0-301F-11D3-BF4B-00C04F79EFBC}") = "CustomService", "CustomService.csproj", "{077EE29D-D2BE-4D80-9E4C-53714E4367CA}"
EndProject
Global
	GlobalSection(SolutionConfigurationPlatforms) = preSolution
		Debug|Any CPU = Debug|Any CPU
		Release|Any CPU = Release|Any CPU
	EndGlobalSection
	GlobalSection(ProjectConfigurationPlatforms) = postSolution
		{077EE29D-D2BE-4D80-9E4C-53714E4367CA}.Debug|Any CPU.ActiveCfg = Debug|Any CPU
		{077EE29D-D2BE-4D80-9E4C-53714E4367CA}.Debug|Any CPU.Build.0 = Debug|Any CPU
		{077EE29D-D2BE-4D80-9E4C-53714E4367CA}.Release|Any CPU.ActiveCfg = Release|Any CPU
		{077EE29D-D2BE-4D80-9E4C-53714E4367CA}.Release|Any CPU.Build.0 = Release|Any CPU
	EndGlobalSection
	GlobalSection(SolutionProperties) = preSolution
		HideSolutionNode = FALSE
	EndGlobalSection
	GlobalSection(ExtensibilityGlobals) = postSolution
		SolutionGuid = {A1D40E38-9AA4-49CB-A4EB-355E6A5068B7}
	EndGlobalSection
EndGlobal
